PODS:
  - Flutter (1.0.0)
  - works_common (0.0.1):
    - Flutter

DEPENDENCIES:
  - Flutter (from `Flutter`)
  - works_common (from `.symlinks/plugins/works_common/ios`)

EXTERNAL SOURCES:
  Flutter:
    :path: Flutter
  works_common:
    :path: ".symlinks/plugins/works_common/ios"

SPEC CHECKSUMS:
  Flutter: 0e3d915762c693b495b44d77113d4970485de6ec
  works_common: 0702f7c7d46b4db160d9d0037d4e1ea5114e6567

PODFILE CHECKSUM: 3dbe063e9c90a5d7c9e4e76e70a821b9e2c1d271

COCOAPODS: 1.8.4
